
Microsoft Visual Studio Solution File, Format Version 12.00
# Visual Studio 15
VisualStudioVersion = 15.0.27130.2026
MinimumVisualStudioVersion = 10.0.40219.1
Project("{FAE04EC0-301F-11D3-BF4B-00C04F79EFBC}") = "LottieUWP", "LottieUWP\LottieUWP.csproj", "{5A0C3503-795B-49ED-AF1E-DF08D9A09574}"
EndProject
Project("{FAE04EC0-301F-11D3-BF4B-00C04F79EFBC}") = "LottieUWP.Sample", "LottieUWP.Sample\LottieUWP.Sample.csproj", "{B6C16EB2-DED8-48BB-B9B5-2C6AD8D02397}"
EndProject
Project("{FAE04EC0-301F-11D3-BF4B-00C04F79EFBC}") = "LottieUWP.Tests", "LottieUWP.Tests\LottieUWP.Tests.csproj", "{377D9A6B-FDEF-4FB8-8025-A61B38CE9E67}"
EndProject
Project("{FAE04EC0-301F-11D3-BF4B-00C04F79EFBC}") = "LottieUWP.UITests", "LottieUWP.UITests\LottieUWP.UITests.csproj", "{CE934C65-DD9C-49B4-933F-70CA7FB43F12}"
EndProject
Project("{9A19103F-16F7-4668-BE54-9A1E7A4F7556}") = "LottieSkiaSharp", "LottieSkiaSharp\LottieSkiaSharp.csproj", "{FC46C91A-7333-4BE2-A9D0-0B45106D001F}"
EndProject
Project("{FAE04EC0-301F-11D3-BF4B-00C04F79EFBC}") = "LottieSkiaSharp.Sample.Android", "LottieSkiaSharp.Sample\LottieSkiaSharp.Sample.Android\LottieSkiaSharp.Sample.Android.csproj", "{94A5542A-1B7E-4FC5-964E-70603A9BC60C}"
EndProject
Project("{FAE04EC0-301F-11D3-BF4B-00C04F79EFBC}") = "LottieSkiaSharp.Sample.iOS", "LottieSkiaSharp.Sample\LottieSkiaSharp.Sample.iOS\LottieSkiaSharp.Sample.iOS.csproj", "{43B4F264-4EF2-4F32-B751-F073FCA6EE9A}"
EndProject
Project("{FAE04EC0-301F-11D3-BF4B-00C04F79EFBC}") = "LottieSkiaSharp.Sample.UWP", "LottieSkiaSharp.Sample\LottieSkiaSharp.Sample.UWP\LottieSkiaSharp.Sample.UWP.csproj", "{BDC501D4-2E26-414E-8D7E-FDF248BB1E8F}"
EndProject
Project("{D954291E-2A0B-460D-934E-DC6B0785DB48}") = "LottieSkiaSharp.Sample", "LottieSkiaSharp.Sample\LottieSkiaSharp.Sample\LottieSkiaSharp.Sample.shproj", "{05CADFC1-1F89-489E-A1A3-C868780D1258}"
EndProject
Project("{2150E333-8FDC-42A3-9474-1A3956D46DE8}") = "SkiaSample", "SkiaSample", "{4B379EA1-AA7C-4686-A0E5-2F7F48819B48}"
EndProject
Project("{FAE04EC0-301F-11D3-BF4B-00C04F79EFBC}") = "Avalonia.Lottie.Sample", "Avalonia.Lottie.Sample\Avalonia.Lottie.Sample.csproj", "{1DC9EDA4-12A6-4D0B-80B1-EC041FE9538E}"
EndProject
Global
	GlobalSection(SharedMSBuildProjectFiles) = preSolution
		LottieSkiaSharp.Sample\LottieSkiaSharp.Sample\LottieSkiaSharp.Sample.projitems*{05cadfc1-1f89-489e-a1a3-c868780d1258}*SharedItemsImports = 13
		LottieSkiaSharp.Sample\LottieSkiaSharp.Sample\LottieSkiaSharp.Sample.projitems*{43b4f264-4ef2-4f32-b751-f073fca6ee9a}*SharedItemsImports = 4
		LottieSkiaSharp.Sample\LottieSkiaSharp.Sample\LottieSkiaSharp.Sample.projitems*{94a5542a-1b7e-4fc5-964e-70603a9bc60c}*SharedItemsImports = 4
		LottieSkiaSharp.Sample\LottieSkiaSharp.Sample\LottieSkiaSharp.Sample.projitems*{bdc501d4-2e26-414e-8d7e-fdf248bb1e8f}*SharedItemsImports = 4
	EndGlobalSection
	GlobalSection(SolutionConfigurationPlatforms) = preSolution
		Ad-Hoc|Any CPU = Ad-Hoc|Any CPU
		Ad-Hoc|ARM = Ad-Hoc|ARM
		Ad-Hoc|iPhone = Ad-Hoc|iPhone
		Ad-Hoc|iPhoneSimulator = Ad-Hoc|iPhoneSimulator
		Ad-Hoc|x64 = Ad-Hoc|x64
		Ad-Hoc|x86 = Ad-Hoc|x86
		AppStore|Any CPU = AppStore|Any CPU
		AppStore|ARM = AppStore|ARM
		AppStore|iPhone = AppStore|iPhone
		AppStore|iPhoneSimulator = AppStore|iPhoneSimulator
		AppStore|x64 = AppStore|x64
		AppStore|x86 = AppStore|x86
		Debug|Any CPU = Debug|Any CPU
		Debug|ARM = Debug|ARM
		Debug|iPhone = Debug|iPhone
		Debug|iPhoneSimulator = Debug|iPhoneSimulator
		Debug|x64 = Debug|x64
		Debug|x86 = Debug|x86
		Release|Any CPU = Release|Any CPU
		Release|ARM = Release|ARM
		Release|iPhone = Release|iPhone
		Release|iPhoneSimulator = Release|iPhoneSimulator
		Release|x64 = Release|x64
		Release|x86 = Release|x86
	EndGlobalSection
	GlobalSection(ProjectConfigurationPlatforms) = postSolution
		{5A0C3503-795B-49ED-AF1E-DF08D9A09574}.Ad-Hoc|Any CPU.ActiveCfg = Release|Any CPU
		{5A0C3503-795B-49ED-AF1E-DF08D9A09574}.Ad-Hoc|Any CPU.Build.0 = Release|Any CPU
		{5A0C3503-795B-49ED-AF1E-DF08D9A09574}.Ad-Hoc|ARM.ActiveCfg = Release|ARM
		{5A0C3503-795B-49ED-AF1E-DF08D9A09574}.Ad-Hoc|ARM.Build.0 = Release|ARM
		{5A0C3503-795B-49ED-AF1E-DF08D9A09574}.Ad-Hoc|iPhone.ActiveCfg = Release|Any CPU
		{5A0C3503-795B-49ED-AF1E-DF08D9A09574}.Ad-Hoc|iPhone.Build.0 = Release|Any CPU
		{5A0C3503-795B-49ED-AF1E-DF08D9A09574}.Ad-Hoc|iPhoneSimulator.ActiveCfg = Release|Any CPU
		{5A0C3503-795B-49ED-AF1E-DF08D9A09574}.Ad-Hoc|iPhoneSimulator.Build.0 = Release|Any CPU
		{5A0C3503-795B-49ED-AF1E-DF08D9A09574}.Ad-Hoc|x64.ActiveCfg = Release|x64
		{5A0C3503-795B-49ED-AF1E-DF08D9A09574}.Ad-Hoc|x64.Build.0 = Release|x64
		{5A0C3503-795B-49ED-AF1E-DF08D9A09574}.Ad-Hoc|x86.ActiveCfg = Release|x86
		{5A0C3503-795B-49ED-AF1E-DF08D9A09574}.Ad-Hoc|x86.Build.0 = Release|x86
		{5A0C3503-795B-49ED-AF1E-DF08D9A09574}.AppStore|Any CPU.ActiveCfg = Release|Any CPU
		{5A0C3503-795B-49ED-AF1E-DF08D9A09574}.AppStore|Any CPU.Build.0 = Release|Any CPU
		{5A0C3503-795B-49ED-AF1E-DF08D9A09574}.AppStore|ARM.ActiveCfg = Release|ARM
		{5A0C3503-795B-49ED-AF1E-DF08D9A09574}.AppStore|ARM.Build.0 = Release|ARM
		{5A0C3503-795B-49ED-AF1E-DF08D9A09574}.AppStore|iPhone.ActiveCfg = Release|Any CPU
		{5A0C3503-795B-49ED-AF1E-DF08D9A09574}.AppStore|iPhone.Build.0 = Release|Any CPU
		{5A0C3503-795B-49ED-AF1E-DF08D9A09574}.AppStore|iPhoneSimulator.ActiveCfg = Release|Any CPU
		{5A0C3503-795B-49ED-AF1E-DF08D9A09574}.AppStore|iPhoneSimulator.Build.0 = Release|Any CPU
		{5A0C3503-795B-49ED-AF1E-DF08D9A09574}.AppStore|x64.ActiveCfg = Release|x64
		{5A0C3503-795B-49ED-AF1E-DF08D9A09574}.AppStore|x64.Build.0 = Release|x64
		{5A0C3503-795B-49ED-AF1E-DF08D9A09574}.AppStore|x86.ActiveCfg = Release|x86
		{5A0C3503-795B-49ED-AF1E-DF08D9A09574}.AppStore|x86.Build.0 = Release|x86
		{5A0C3503-795B-49ED-AF1E-DF08D9A09574}.Debug|Any CPU.ActiveCfg = Debug|Any CPU
		{5A0C3503-795B-49ED-AF1E-DF08D9A09574}.Debug|Any CPU.Build.0 = Debug|Any CPU
		{5A0C3503-795B-49ED-AF1E-DF08D9A09574}.Debug|ARM.ActiveCfg = Debug|ARM
		{5A0C3503-795B-49ED-AF1E-DF08D9A09574}.Debug|ARM.Build.0 = Debug|ARM
		{5A0C3503-795B-49ED-AF1E-DF08D9A09574}.Debug|iPhone.ActiveCfg = Debug|Any CPU
		{5A0C3503-795B-49ED-AF1E-DF08D9A09574}.Debug|iPhone.Build.0 = Debug|Any CPU
		{5A0C3503-795B-49ED-AF1E-DF08D9A09574}.Debug|iPhoneSimulator.ActiveCfg = Debug|Any CPU
		{5A0C3503-795B-49ED-AF1E-DF08D9A09574}.Debug|iPhoneSimulator.Build.0 = Debug|Any CPU
		{5A0C3503-795B-49ED-AF1E-DF08D9A09574}.Debug|x64.ActiveCfg = Debug|x64
		{5A0C3503-795B-49ED-AF1E-DF08D9A09574}.Debug|x64.Build.0 = Debug|x64
		{5A0C3503-795B-49ED-AF1E-DF08D9A09574}.Debug|x86.ActiveCfg = Debug|x86
		{5A0C3503-795B-49ED-AF1E-DF08D9A09574}.Debug|x86.Build.0 = Debug|x86
		{5A0C3503-795B-49ED-AF1E-DF08D9A09574}.Release|Any CPU.ActiveCfg = Release|Any CPU
		{5A0C3503-795B-49ED-AF1E-DF08D9A09574}.Release|Any CPU.Build.0 = Release|Any CPU
		{5A0C3503-795B-49ED-AF1E-DF08D9A09574}.Release|ARM.ActiveCfg = Release|ARM
		{5A0C3503-795B-49ED-AF1E-DF08D9A09574}.Release|ARM.Build.0 = Release|ARM
		{5A0C3503-795B-49ED-AF1E-DF08D9A09574}.Release|iPhone.ActiveCfg = Release|Any CPU
		{5A0C3503-795B-49ED-AF1E-DF08D9A09574}.Release|iPhone.Build.0 = Release|Any CPU
		{5A0C3503-795B-49ED-AF1E-DF08D9A09574}.Release|iPhoneSimulator.ActiveCfg = Release|Any CPU
		{5A0C3503-795B-49ED-AF1E-DF08D9A09574}.Release|iPhoneSimulator.Build.0 = Release|Any CPU
		{5A0C3503-795B-49ED-AF1E-DF08D9A09574}.Release|x64.ActiveCfg = Release|x64
		{5A0C3503-795B-49ED-AF1E-DF08D9A09574}.Release|x64.Build.0 = Release|x64
		{5A0C3503-795B-49ED-AF1E-DF08D9A09574}.Release|x86.ActiveCfg = Release|x86
		{5A0C3503-795B-49ED-AF1E-DF08D9A09574}.Release|x86.Build.0 = Release|x86
		{B6C16EB2-DED8-48BB-B9B5-2C6AD8D02397}.Ad-Hoc|Any CPU.ActiveCfg = Release|x64
		{B6C16EB2-DED8-48BB-B9B5-2C6AD8D02397}.Ad-Hoc|Any CPU.Build.0 = Release|x64
		{B6C16EB2-DED8-48BB-B9B5-2C6AD8D02397}.Ad-Hoc|Any CPU.Deploy.0 = Release|x64
		{B6C16EB2-DED8-48BB-B9B5-2C6AD8D02397}.Ad-Hoc|ARM.ActiveCfg = Release|ARM
		{B6C16EB2-DED8-48BB-B9B5-2C6AD8D02397}.Ad-Hoc|ARM.Build.0 = Release|ARM
		{B6C16EB2-DED8-48BB-B9B5-2C6AD8D02397}.Ad-Hoc|ARM.Deploy.0 = Release|ARM
		{B6C16EB2-DED8-48BB-B9B5-2C6AD8D02397}.Ad-Hoc|iPhone.ActiveCfg = Release|x64
		{B6C16EB2-DED8-48BB-B9B5-2C6AD8D02397}.Ad-Hoc|iPhone.Build.0 = Release|x64
		{B6C16EB2-DED8-48BB-B9B5-2C6AD8D02397}.Ad-Hoc|iPhone.Deploy.0 = Release|x64
		{B6C16EB2-DED8-48BB-B9B5-2C6AD8D02397}.Ad-Hoc|iPhoneSimulator.ActiveCfg = Release|x64
		{B6C16EB2-DED8-48BB-B9B5-2C6AD8D02397}.Ad-Hoc|iPhoneSimulator.Build.0 = Release|x64
		{B6C16EB2-DED8-48BB-B9B5-2C6AD8D02397}.Ad-Hoc|iPhoneSimulator.Deploy.0 = Release|x64
		{B6C16EB2-DED8-48BB-B9B5-2C6AD8D02397}.Ad-Hoc|x64.ActiveCfg = Release|x64
		{B6C16EB2-DED8-48BB-B9B5-2C6AD8D02397}.Ad-Hoc|x64.Build.0 = Release|x64
		{B6C16EB2-DED8-48BB-B9B5-2C6AD8D02397}.Ad-Hoc|x64.Deploy.0 = Release|x64
		{B6C16EB2-DED8-48BB-B9B5-2C6AD8D02397}.Ad-Hoc|x86.ActiveCfg = Release|x86
		{B6C16EB2-DED8-48BB-B9B5-2C6AD8D02397}.Ad-Hoc|x86.Build.0 = Release|x86
		{B6C16EB2-DED8-48BB-B9B5-2C6AD8D02397}.Ad-Hoc|x86.Deploy.0 = Release|x86
		{B6C16EB2-DED8-48BB-B9B5-2C6AD8D02397}.AppStore|Any CPU.ActiveCfg = Release|x64
		{B6C16EB2-DED8-48BB-B9B5-2C6AD8D02397}.AppStore|Any CPU.Build.0 = Release|x64
		{B6C16EB2-DED8-48BB-B9B5-2C6AD8D02397}.AppStore|Any CPU.Deploy.0 = Release|x64
		{B6C16EB2-DED8-48BB-B9B5-2C6AD8D02397}.AppStore|ARM.ActiveCfg = Release|ARM
		{B6C16EB2-DED8-48BB-B9B5-2C6AD8D02397}.AppStore|ARM.Build.0 = Release|ARM
		{B6C16EB2-DED8-48BB-B9B5-2C6AD8D02397}.AppStore|ARM.Deploy.0 = Release|ARM
		{B6C16EB2-DED8-48BB-B9B5-2C6AD8D02397}.AppStore|iPhone.ActiveCfg = Release|x64
		{B6C16EB2-DED8-48BB-B9B5-2C6AD8D02397}.AppStore|iPhone.Build.0 = Release|x64
		{B6C16EB2-DED8-48BB-B9B5-2C6AD8D02397}.AppStore|iPhone.Deploy.0 = Release|x64
		{B6C16EB2-DED8-48BB-B9B5-2C6AD8D02397}.AppStore|iPhoneSimulator.ActiveCfg = Release|x64
		{B6C16EB2-DED8-48BB-B9B5-2C6AD8D02397}.AppStore|iPhoneSimulator.Build.0 = Release|x64
		{B6C16EB2-DED8-48BB-B9B5-2C6AD8D02397}.AppStore|iPhoneSimulator.Deploy.0 = Release|x64
		{B6C16EB2-DED8-48BB-B9B5-2C6AD8D02397}.AppStore|x64.ActiveCfg = Release|x64
		{B6C16EB2-DED8-48BB-B9B5-2C6AD8D02397}.AppStore|x64.Build.0 = Release|x64
		{B6C16EB2-DED8-48BB-B9B5-2C6AD8D02397}.AppStore|x64.Deploy.0 = Release|x64
		{B6C16EB2-DED8-48BB-B9B5-2C6AD8D02397}.AppStore|x86.ActiveCfg = Release|x86
		{B6C16EB2-DED8-48BB-B9B5-2C6AD8D02397}.AppStore|x86.Build.0 = Release|x86
		{B6C16EB2-DED8-48BB-B9B5-2C6AD8D02397}.AppStore|x86.Deploy.0 = Release|x86
		{B6C16EB2-DED8-48BB-B9B5-2C6AD8D02397}.Debug|Any CPU.ActiveCfg = Debug|x86
		{B6C16EB2-DED8-48BB-B9B5-2C6AD8D02397}.Debug|ARM.ActiveCfg = Debug|ARM
		{B6C16EB2-DED8-48BB-B9B5-2C6AD8D02397}.Debug|ARM.Build.0 = Debug|ARM
		{B6C16EB2-DED8-48BB-B9B5-2C6AD8D02397}.Debug|ARM.Deploy.0 = Debug|ARM
		{B6C16EB2-DED8-48BB-B9B5-2C6AD8D02397}.Debug|iPhone.ActiveCfg = Debug|x86
		{B6C16EB2-DED8-48BB-B9B5-2C6AD8D02397}.Debug|iPhoneSimulator.ActiveCfg = Debug|x86
		{B6C16EB2-DED8-48BB-B9B5-2C6AD8D02397}.Debug|x64.ActiveCfg = Debug|x64
		{B6C16EB2-DED8-48BB-B9B5-2C6AD8D02397}.Debug|x64.Build.0 = Debug|x64
		{B6C16EB2-DED8-48BB-B9B5-2C6AD8D02397}.Debug|x64.Deploy.0 = Debug|x64
		{B6C16EB2-DED8-48BB-B9B5-2C6AD8D02397}.Debug|x86.ActiveCfg = Debug|x86
		{B6C16EB2-DED8-48BB-B9B5-2C6AD8D02397}.Debug|x86.Build.0 = Debug|x86
		{B6C16EB2-DED8-48BB-B9B5-2C6AD8D02397}.Debug|x86.Deploy.0 = Debug|x86
		{B6C16EB2-DED8-48BB-B9B5-2C6AD8D02397}.Release|Any CPU.ActiveCfg = Release|x86
		{B6C16EB2-DED8-48BB-B9B5-2C6AD8D02397}.Release|ARM.ActiveCfg = Release|ARM
		{B6C16EB2-DED8-48BB-B9B5-2C6AD8D02397}.Release|ARM.Build.0 = Release|ARM
		{B6C16EB2-DED8-48BB-B9B5-2C6AD8D02397}.Release|ARM.Deploy.0 = Release|ARM
		{B6C16EB2-DED8-48BB-B9B5-2C6AD8D02397}.Release|iPhone.ActiveCfg = Release|x86
		{B6C16EB2-DED8-48BB-B9B5-2C6AD8D02397}.Release|iPhoneSimulator.ActiveCfg = Release|x86
		{B6C16EB2-DED8-48BB-B9B5-2C6AD8D02397}.Release|x64.ActiveCfg = Release|x64
		{B6C16EB2-DED8-48BB-B9B5-2C6AD8D02397}.Release|x64.Build.0 = Release|x64
		{B6C16EB2-DED8-48BB-B9B5-2C6AD8D02397}.Release|x64.Deploy.0 = Release|x64
		{B6C16EB2-DED8-48BB-B9B5-2C6AD8D02397}.Release|x86.ActiveCfg = Release|x86
		{B6C16EB2-DED8-48BB-B9B5-2C6AD8D02397}.Release|x86.Build.0 = Release|x86
		{B6C16EB2-DED8-48BB-B9B5-2C6AD8D02397}.Release|x86.Deploy.0 = Release|x86
		{377D9A6B-FDEF-4FB8-8025-A61B38CE9E67}.Ad-Hoc|Any CPU.ActiveCfg = Release|x64
		{377D9A6B-FDEF-4FB8-8025-A61B38CE9E67}.Ad-Hoc|Any CPU.Build.0 = Release|x64
		{377D9A6B-FDEF-4FB8-8025-A61B38CE9E67}.Ad-Hoc|Any CPU.Deploy.0 = Release|x64
		{377D9A6B-FDEF-4FB8-8025-A61B38CE9E67}.Ad-Hoc|ARM.ActiveCfg = Release|ARM
		{377D9A6B-FDEF-4FB8-8025-A61B38CE9E67}.Ad-Hoc|ARM.Build.0 = Release|ARM
		{377D9A6B-FDEF-4FB8-8025-A61B38CE9E67}.Ad-Hoc|ARM.Deploy.0 = Release|ARM
		{377D9A6B-FDEF-4FB8-8025-A61B38CE9E67}.Ad-Hoc|iPhone.ActiveCfg = Release|x64
		{377D9A6B-FDEF-4FB8-8025-A61B38CE9E67}.Ad-Hoc|iPhone.Build.0 = Release|x64
		{377D9A6B-FDEF-4FB8-8025-A61B38CE9E67}.Ad-Hoc|iPhone.Deploy.0 = Release|x64
		{377D9A6B-FDEF-4FB8-8025-A61B38CE9E67}.Ad-Hoc|iPhoneSimulator.ActiveCfg = Release|x64
		{377D9A6B-FDEF-4FB8-8025-A61B38CE9E67}.Ad-Hoc|iPhoneSimulator.Build.0 = Release|x64
		{377D9A6B-FDEF-4FB8-8025-A61B38CE9E67}.Ad-Hoc|iPhoneSimulator.Deploy.0 = Release|x64
		{377D9A6B-FDEF-4FB8-8025-A61B38CE9E67}.Ad-Hoc|x64.ActiveCfg = Release|x64
		{377D9A6B-FDEF-4FB8-8025-A61B38CE9E67}.Ad-Hoc|x64.Build.0 = Release|x64
		{377D9A6B-FDEF-4FB8-8025-A61B38CE9E67}.Ad-Hoc|x64.Deploy.0 = Release|x64
		{377D9A6B-FDEF-4FB8-8025-A61B38CE9E67}.Ad-Hoc|x86.ActiveCfg = Release|x86
		{377D9A6B-FDEF-4FB8-8025-A61B38CE9E67}.Ad-Hoc|x86.Build.0 = Release|x86
		{377D9A6B-FDEF-4FB8-8025-A61B38CE9E67}.Ad-Hoc|x86.Deploy.0 = Release|x86
		{377D9A6B-FDEF-4FB8-8025-A61B38CE9E67}.AppStore|Any CPU.ActiveCfg = Release|x64
		{377D9A6B-FDEF-4FB8-8025-A61B38CE9E67}.AppStore|Any CPU.Build.0 = Release|x64
		{377D9A6B-FDEF-4FB8-8025-A61B38CE9E67}.AppStore|Any CPU.Deploy.0 = Release|x64
		{377D9A6B-FDEF-4FB8-8025-A61B38CE9E67}.AppStore|ARM.ActiveCfg = Release|ARM
		{377D9A6B-FDEF-4FB8-8025-A61B38CE9E67}.AppStore|ARM.Build.0 = Release|ARM
		{377D9A6B-FDEF-4FB8-8025-A61B38CE9E67}.AppStore|ARM.Deploy.0 = Release|ARM
		{377D9A6B-FDEF-4FB8-8025-A61B38CE9E67}.AppStore|iPhone.ActiveCfg = Release|x64
		{377D9A6B-FDEF-4FB8-8025-A61B38CE9E67}.AppStore|iPhone.Build.0 = Release|x64
		{377D9A6B-FDEF-4FB8-8025-A61B38CE9E67}.AppStore|iPhone.Deploy.0 = Release|x64
		{377D9A6B-FDEF-4FB8-8025-A61B38CE9E67}.AppStore|iPhoneSimulator.ActiveCfg = Release|x64
		{377D9A6B-FDEF-4FB8-8025-A61B38CE9E67}.AppStore|iPhoneSimulator.Build.0 = Release|x64
		{377D9A6B-FDEF-4FB8-8025-A61B38CE9E67}.AppStore|iPhoneSimulator.Deploy.0 = Release|x64
		{377D9A6B-FDEF-4FB8-8025-A61B38CE9E67}.AppStore|x64.ActiveCfg = Release|x64
		{377D9A6B-FDEF-4FB8-8025-A61B38CE9E67}.AppStore|x64.Build.0 = Release|x64
		{377D9A6B-FDEF-4FB8-8025-A61B38CE9E67}.AppStore|x64.Deploy.0 = Release|x64
		{377D9A6B-FDEF-4FB8-8025-A61B38CE9E67}.AppStore|x86.ActiveCfg = Release|x86
		{377D9A6B-FDEF-4FB8-8025-A61B38CE9E67}.AppStore|x86.Build.0 = Release|x86
		{377D9A6B-FDEF-4FB8-8025-A61B38CE9E67}.AppStore|x86.Deploy.0 = Release|x86
		{377D9A6B-FDEF-4FB8-8025-A61B38CE9E67}.Debug|Any CPU.ActiveCfg = Debug|x86
		{377D9A6B-FDEF-4FB8-8025-A61B38CE9E67}.Debug|ARM.ActiveCfg = Debug|ARM
		{377D9A6B-FDEF-4FB8-8025-A61B38CE9E67}.Debug|ARM.Build.0 = Debug|ARM
		{377D9A6B-FDEF-4FB8-8025-A61B38CE9E67}.Debug|ARM.Deploy.0 = Debug|ARM
		{377D9A6B-FDEF-4FB8-8025-A61B38CE9E67}.Debug|iPhone.ActiveCfg = Debug|x86
		{377D9A6B-FDEF-4FB8-8025-A61B38CE9E67}.Debug|iPhoneSimulator.ActiveCfg = Debug|x86
		{377D9A6B-FDEF-4FB8-8025-A61B38CE9E67}.Debug|x64.ActiveCfg = Debug|x64
		{377D9A6B-FDEF-4FB8-8025-A61B38CE9E67}.Debug|x64.Build.0 = Debug|x64
		{377D9A6B-FDEF-4FB8-8025-A61B38CE9E67}.Debug|x64.Deploy.0 = Debug|x64
		{377D9A6B-FDEF-4FB8-8025-A61B38CE9E67}.Debug|x86.ActiveCfg = Debug|x86
		{377D9A6B-FDEF-4FB8-8025-A61B38CE9E67}.Debug|x86.Build.0 = Debug|x86
		{377D9A6B-FDEF-4FB8-8025-A61B38CE9E67}.Debug|x86.Deploy.0 = Debug|x86
		{377D9A6B-FDEF-4FB8-8025-A61B38CE9E67}.Release|Any CPU.ActiveCfg = Release|x86
		{377D9A6B-FDEF-4FB8-8025-A61B38CE9E67}.Release|ARM.ActiveCfg = Release|ARM
		{377D9A6B-FDEF-4FB8-8025-A61B38CE9E67}.Release|ARM.Build.0 = Release|ARM
		{377D9A6B-FDEF-4FB8-8025-A61B38CE9E67}.Release|ARM.Deploy.0 = Release|ARM
		{377D9A6B-FDEF-4FB8-8025-A61B38CE9E67}.Release|iPhone.ActiveCfg = Release|x86
		{377D9A6B-FDEF-4FB8-8025-A61B38CE9E67}.Release|iPhoneSimulator.ActiveCfg = Release|x86
		{377D9A6B-FDEF-4FB8-8025-A61B38CE9E67}.Release|x64.ActiveCfg = Release|x64
		{377D9A6B-FDEF-4FB8-8025-A61B38CE9E67}.Release|x64.Build.0 = Release|x64
		{377D9A6B-FDEF-4FB8-8025-A61B38CE9E67}.Release|x64.Deploy.0 = Release|x64
		{377D9A6B-FDEF-4FB8-8025-A61B38CE9E67}.Release|x86.ActiveCfg = Release|x86
		{377D9A6B-FDEF-4FB8-8025-A61B38CE9E67}.Release|x86.Build.0 = Release|x86
		{377D9A6B-FDEF-4FB8-8025-A61B38CE9E67}.Release|x86.Deploy.0 = Release|x86
		{CE934C65-DD9C-49B4-933F-70CA7FB43F12}.Ad-Hoc|Any CPU.ActiveCfg = Release|Any CPU
		{CE934C65-DD9C-49B4-933F-70CA7FB43F12}.Ad-Hoc|Any CPU.Build.0 = Release|Any CPU
		{CE934C65-DD9C-49B4-933F-70CA7FB43F12}.Ad-Hoc|ARM.ActiveCfg = Release|Any CPU
		{CE934C65-DD9C-49B4-933F-70CA7FB43F12}.Ad-Hoc|ARM.Build.0 = Release|Any CPU
		{CE934C65-DD9C-49B4-933F-70CA7FB43F12}.Ad-Hoc|iPhone.ActiveCfg = Release|Any CPU
		{CE934C65-DD9C-49B4-933F-70CA7FB43F12}.Ad-Hoc|iPhone.Build.0 = Release|Any CPU
		{CE934C65-DD9C-49B4-933F-70CA7FB43F12}.Ad-Hoc|iPhoneSimulator.ActiveCfg = Release|Any CPU
		{CE934C65-DD9C-49B4-933F-70CA7FB43F12}.Ad-Hoc|iPhoneSimulator.Build.0 = Release|Any CPU
		{CE934C65-DD9C-49B4-933F-70CA7FB43F12}.Ad-Hoc|x64.ActiveCfg = Release|Any CPU
		{CE934C65-DD9C-49B4-933F-70CA7FB43F12}.Ad-Hoc|x64.Build.0 = Release|Any CPU
		{CE934C65-DD9C-49B4-933F-70CA7FB43F12}.Ad-Hoc|x86.ActiveCfg = Release|Any CPU
		{CE934C65-DD9C-49B4-933F-70CA7FB43F12}.Ad-Hoc|x86.Build.0 = Release|Any CPU
		{CE934C65-DD9C-49B4-933F-70CA7FB43F12}.AppStore|Any CPU.ActiveCfg = Release|Any CPU
		{CE934C65-DD9C-49B4-933F-70CA7FB43F12}.AppStore|Any CPU.Build.0 = Release|Any CPU
		{CE934C65-DD9C-49B4-933F-70CA7FB43F12}.AppStore|ARM.ActiveCfg = Release|Any CPU
		{CE934C65-DD9C-49B4-933F-70CA7FB43F12}.AppStore|ARM.Build.0 = Release|Any CPU
		{CE934C65-DD9C-49B4-933F-70CA7FB43F12}.AppStore|iPhone.ActiveCfg = Release|Any CPU
		{CE934C65-DD9C-49B4-933F-70CA7FB43F12}.AppStore|iPhone.Build.0 = Release|Any CPU
		{CE934C65-DD9C-49B4-933F-70CA7FB43F12}.AppStore|iPhoneSimulator.ActiveCfg = Release|Any CPU
		{CE934C65-DD9C-49B4-933F-70CA7FB43F12}.AppStore|iPhoneSimulator.Build.0 = Release|Any CPU
		{CE934C65-DD9C-49B4-933F-70CA7FB43F12}.AppStore|x64.ActiveCfg = Release|Any CPU
		{CE934C65-DD9C-49B4-933F-70CA7FB43F12}.AppStore|x64.Build.0 = Release|Any CPU
		{CE934C65-DD9C-49B4-933F-70CA7FB43F12}.AppStore|x86.ActiveCfg = Release|Any CPU
		{CE934C65-DD9C-49B4-933F-70CA7FB43F12}.AppStore|x86.Build.0 = Release|Any CPU
		{CE934C65-DD9C-49B4-933F-70CA7FB43F12}.Debug|Any CPU.ActiveCfg = Debug|Any CPU
		{CE934C65-DD9C-49B4-933F-70CA7FB43F12}.Debug|Any CPU.Build.0 = Debug|Any CPU
		{CE934C65-DD9C-49B4-933F-70CA7FB43F12}.Debug|ARM.ActiveCfg = Debug|Any CPU
		{CE934C65-DD9C-49B4-933F-70CA7FB43F12}.Debug|ARM.Build.0 = Debug|Any CPU
		{CE934C65-DD9C-49B4-933F-70CA7FB43F12}.Debug|iPhone.ActiveCfg = Debug|Any CPU
		{CE934C65-DD9C-49B4-933F-70CA7FB43F12}.Debug|iPhone.Build.0 = Debug|Any CPU
		{CE934C65-DD9C-49B4-933F-70CA7FB43F12}.Debug|iPhoneSimulator.ActiveCfg = Debug|Any CPU
		{CE934C65-DD9C-49B4-933F-70CA7FB43F12}.Debug|iPhoneSimulator.Build.0 = Debug|Any CPU
		{CE934C65-DD9C-49B4-933F-70CA7FB43F12}.Debug|x64.ActiveCfg = Debug|Any CPU
		{CE934C65-DD9C-49B4-933F-70CA7FB43F12}.Debug|x64.Build.0 = Debug|Any CPU
		{CE934C65-DD9C-49B4-933F-70CA7FB43F12}.Debug|x86.ActiveCfg = Debug|Any CPU
		{CE934C65-DD9C-49B4-933F-70CA7FB43F12}.Debug|x86.Build.0 = Debug|Any CPU
		{CE934C65-DD9C-49B4-933F-70CA7FB43F12}.Release|Any CPU.ActiveCfg = Release|Any CPU
		{CE934C65-DD9C-49B4-933F-70CA7FB43F12}.Release|Any CPU.Build.0 = Release|Any CPU
		{CE934C65-DD9C-49B4-933F-70CA7FB43F12}.Release|ARM.ActiveCfg = Release|Any CPU
		{CE934C65-DD9C-49B4-933F-70CA7FB43F12}.Release|ARM.Build.0 = Release|Any CPU
		{CE934C65-DD9C-49B4-933F-70CA7FB43F12}.Release|iPhone.ActiveCfg = Release|Any CPU
		{CE934C65-DD9C-49B4-933F-70CA7FB43F12}.Release|iPhone.Build.0 = Release|Any CPU
		{CE934C65-DD9C-49B4-933F-70CA7FB43F12}.Release|iPhoneSimulator.ActiveCfg = Release|Any CPU
		{CE934C65-DD9C-49B4-933F-70CA7FB43F12}.Release|iPhoneSimulator.Build.0 = Release|Any CPU
		{CE934C65-DD9C-49B4-933F-70CA7FB43F12}.Release|x64.ActiveCfg = Release|Any CPU
		{CE934C65-DD9C-49B4-933F-70CA7FB43F12}.Release|x64.Build.0 = Release|Any CPU
		{CE934C65-DD9C-49B4-933F-70CA7FB43F12}.Release|x86.ActiveCfg = Release|Any CPU
		{CE934C65-DD9C-49B4-933F-70CA7FB43F12}.Release|x86.Build.0 = Release|Any CPU
		{FC46C91A-7333-4BE2-A9D0-0B45106D001F}.Ad-Hoc|Any CPU.ActiveCfg = Release|Any CPU
		{FC46C91A-7333-4BE2-A9D0-0B45106D001F}.Ad-Hoc|Any CPU.Build.0 = Release|Any CPU
		{FC46C91A-7333-4BE2-A9D0-0B45106D001F}.Ad-Hoc|ARM.ActiveCfg = Release|Any CPU
		{FC46C91A-7333-4BE2-A9D0-0B45106D001F}.Ad-Hoc|ARM.Build.0 = Release|Any CPU
		{FC46C91A-7333-4BE2-A9D0-0B45106D001F}.Ad-Hoc|iPhone.ActiveCfg = Release|Any CPU
		{FC46C91A-7333-4BE2-A9D0-0B45106D001F}.Ad-Hoc|iPhone.Build.0 = Release|Any CPU
		{FC46C91A-7333-4BE2-A9D0-0B45106D001F}.Ad-Hoc|iPhoneSimulator.ActiveCfg = Release|Any CPU
		{FC46C91A-7333-4BE2-A9D0-0B45106D001F}.Ad-Hoc|iPhoneSimulator.Build.0 = Release|Any CPU
		{FC46C91A-7333-4BE2-A9D0-0B45106D001F}.Ad-Hoc|x64.ActiveCfg = Release|Any CPU
		{FC46C91A-7333-4BE2-A9D0-0B45106D001F}.Ad-Hoc|x64.Build.0 = Release|Any CPU
		{FC46C91A-7333-4BE2-A9D0-0B45106D001F}.Ad-Hoc|x86.ActiveCfg = Release|Any CPU
		{FC46C91A-7333-4BE2-A9D0-0B45106D001F}.Ad-Hoc|x86.Build.0 = Release|Any CPU
		{FC46C91A-7333-4BE2-A9D0-0B45106D001F}.AppStore|Any CPU.ActiveCfg = Release|Any CPU
		{FC46C91A-7333-4BE2-A9D0-0B45106D001F}.AppStore|Any CPU.Build.0 = Release|Any CPU
		{FC46C91A-7333-4BE2-A9D0-0B45106D001F}.AppStore|ARM.ActiveCfg = Release|Any CPU
		{FC46C91A-7333-4BE2-A9D0-0B45106D001F}.AppStore|ARM.Build.0 = Release|Any CPU
		{FC46C91A-7333-4BE2-A9D0-0B45106D001F}.AppStore|iPhone.ActiveCfg = Release|Any CPU
		{FC46C91A-7333-4BE2-A9D0-0B45106D001F}.AppStore|iPhone.Build.0 = Release|Any CPU
		{FC46C91A-7333-4BE2-A9D0-0B45106D001F}.AppStore|iPhoneSimulator.ActiveCfg = Release|Any CPU
		{FC46C91A-7333-4BE2-A9D0-0B45106D001F}.AppStore|iPhoneSimulator.Build.0 = Release|Any CPU
		{FC46C91A-7333-4BE2-A9D0-0B45106D001F}.AppStore|x64.ActiveCfg = Release|Any CPU
		{FC46C91A-7333-4BE2-A9D0-0B45106D001F}.AppStore|x64.Build.0 = Release|Any CPU
		{FC46C91A-7333-4BE2-A9D0-0B45106D001F}.AppStore|x86.ActiveCfg = Release|Any CPU
		{FC46C91A-7333-4BE2-A9D0-0B45106D001F}.AppStore|x86.Build.0 = Release|Any CPU
		{FC46C91A-7333-4BE2-A9D0-0B45106D001F}.Debug|Any CPU.ActiveCfg = Debug|Any CPU
		{FC46C91A-7333-4BE2-A9D0-0B45106D001F}.Debug|Any CPU.Build.0 = Debug|Any CPU
		{FC46C91A-7333-4BE2-A9D0-0B45106D001F}.Debug|ARM.ActiveCfg = Debug|Any CPU
		{FC46C91A-7333-4BE2-A9D0-0B45106D001F}.Debug|ARM.Build.0 = Debug|Any CPU
		{FC46C91A-7333-4BE2-A9D0-0B45106D001F}.Debug|iPhone.ActiveCfg = Debug|Any CPU
		{FC46C91A-7333-4BE2-A9D0-0B45106D001F}.Debug|iPhone.Build.0 = Debug|Any CPU
		{FC46C91A-7333-4BE2-A9D0-0B45106D001F}.Debug|iPhoneSimulator.ActiveCfg = Debug|Any CPU
		{FC46C91A-7333-4BE2-A9D0-0B45106D001F}.Debug|iPhoneSimulator.Build.0 = Debug|Any CPU
		{FC46C91A-7333-4BE2-A9D0-0B45106D001F}.Debug|x64.ActiveCfg = Debug|Any CPU
		{FC46C91A-7333-4BE2-A9D0-0B45106D001F}.Debug|x64.Build.0 = Debug|Any CPU
		{FC46C91A-7333-4BE2-A9D0-0B45106D001F}.Debug|x86.ActiveCfg = Debug|Any CPU
		{FC46C91A-7333-4BE2-A9D0-0B45106D001F}.Debug|x86.Build.0 = Debug|Any CPU
		{FC46C91A-7333-4BE2-A9D0-0B45106D001F}.Release|Any CPU.ActiveCfg = Release|Any CPU
		{FC46C91A-7333-4BE2-A9D0-0B45106D001F}.Release|Any CPU.Build.0 = Release|Any CPU
		{FC46C91A-7333-4BE2-A9D0-0B45106D001F}.Release|ARM.ActiveCfg = Release|Any CPU
		{FC46C91A-7333-4BE2-A9D0-0B45106D001F}.Release|ARM.Build.0 = Release|Any CPU
		{FC46C91A-7333-4BE2-A9D0-0B45106D001F}.Release|iPhone.ActiveCfg = Release|Any CPU
		{FC46C91A-7333-4BE2-A9D0-0B45106D001F}.Release|iPhone.Build.0 = Release|Any CPU
		{FC46C91A-7333-4BE2-A9D0-0B45106D001F}.Release|iPhoneSimulator.ActiveCfg = Release|Any CPU
		{FC46C91A-7333-4BE2-A9D0-0B45106D001F}.Release|iPhoneSimulator.Build.0 = Release|Any CPU
		{FC46C91A-7333-4BE2-A9D0-0B45106D001F}.Release|x64.ActiveCfg = Release|Any CPU
		{FC46C91A-7333-4BE2-A9D0-0B45106D001F}.Release|x64.Build.0 = Release|Any CPU
		{FC46C91A-7333-4BE2-A9D0-0B45106D001F}.Release|x86.ActiveCfg = Release|Any CPU
		{FC46C91A-7333-4BE2-A9D0-0B45106D001F}.Release|x86.Build.0 = Release|Any CPU
		{94A5542A-1B7E-4FC5-964E-70603A9BC60C}.Ad-Hoc|Any CPU.ActiveCfg = Release|Any CPU
		{94A5542A-1B7E-4FC5-964E-70603A9BC60C}.Ad-Hoc|Any CPU.Build.0 = Release|Any CPU
		{94A5542A-1B7E-4FC5-964E-70603A9BC60C}.Ad-Hoc|Any CPU.Deploy.0 = Release|Any CPU
		{94A5542A-1B7E-4FC5-964E-70603A9BC60C}.Ad-Hoc|ARM.ActiveCfg = Release|Any CPU
		{94A5542A-1B7E-4FC5-964E-70603A9BC60C}.Ad-Hoc|ARM.Build.0 = Release|Any CPU
		{94A5542A-1B7E-4FC5-964E-70603A9BC60C}.Ad-Hoc|ARM.Deploy.0 = Release|Any CPU
		{94A5542A-1B7E-4FC5-964E-70603A9BC60C}.Ad-Hoc|iPhone.ActiveCfg = Release|Any CPU
		{94A5542A-1B7E-4FC5-964E-70603A9BC60C}.Ad-Hoc|iPhone.Build.0 = Release|Any CPU
		{94A5542A-1B7E-4FC5-964E-70603A9BC60C}.Ad-Hoc|iPhone.Deploy.0 = Release|Any CPU
		{94A5542A-1B7E-4FC5-964E-70603A9BC60C}.Ad-Hoc|iPhoneSimulator.ActiveCfg = Release|Any CPU
		{94A5542A-1B7E-4FC5-964E-70603A9BC60C}.Ad-Hoc|iPhoneSimulator.Build.0 = Release|Any CPU
		{94A5542A-1B7E-4FC5-964E-70603A9BC60C}.Ad-Hoc|iPhoneSimulator.Deploy.0 = Release|Any CPU
		{94A5542A-1B7E-4FC5-964E-70603A9BC60C}.Ad-Hoc|x64.ActiveCfg = Release|Any CPU
		{94A5542A-1B7E-4FC5-964E-70603A9BC60C}.Ad-Hoc|x64.Build.0 = Release|Any CPU
		{94A5542A-1B7E-4FC5-964E-70603A9BC60C}.Ad-Hoc|x64.Deploy.0 = Release|Any CPU
		{94A5542A-1B7E-4FC5-964E-70603A9BC60C}.Ad-Hoc|x86.ActiveCfg = Release|Any CPU
		{94A5542A-1B7E-4FC5-964E-70603A9BC60C}.Ad-Hoc|x86.Build.0 = Release|Any CPU
		{94A5542A-1B7E-4FC5-964E-70603A9BC60C}.Ad-Hoc|x86.Deploy.0 = Release|Any CPU
		{94A5542A-1B7E-4FC5-964E-70603A9BC60C}.AppStore|Any CPU.ActiveCfg = Release|Any CPU
		{94A5542A-1B7E-4FC5-964E-70603A9BC60C}.AppStore|Any CPU.Build.0 = Release|Any CPU
		{94A5542A-1B7E-4FC5-964E-70603A9BC60C}.AppStore|Any CPU.Deploy.0 = Release|Any CPU
		{94A5542A-1B7E-4FC5-964E-70603A9BC60C}.AppStore|ARM.ActiveCfg = Release|Any CPU
		{94A5542A-1B7E-4FC5-964E-70603A9BC60C}.AppStore|ARM.Build.0 = Release|Any CPU
		{94A5542A-1B7E-4FC5-964E-70603A9BC60C}.AppStore|ARM.Deploy.0 = Release|Any CPU
		{94A5542A-1B7E-4FC5-964E-70603A9BC60C}.AppStore|iPhone.ActiveCfg = Release|Any CPU
		{94A5542A-1B7E-4FC5-964E-70603A9BC60C}.AppStore|iPhone.Build.0 = Release|Any CPU
		{94A5542A-1B7E-4FC5-964E-70603A9BC60C}.AppStore|iPhone.Deploy.0 = Release|Any CPU
		{94A5542A-1B7E-4FC5-964E-70603A9BC60C}.AppStore|iPhoneSimulator.ActiveCfg = Release|Any CPU
		{94A5542A-1B7E-4FC5-964E-70603A9BC60C}.AppStore|iPhoneSimulator.Build.0 = Release|Any CPU
		{94A5542A-1B7E-4FC5-964E-70603A9BC60C}.AppStore|iPhoneSimulator.Deploy.0 = Release|Any CPU
		{94A5542A-1B7E-4FC5-964E-70603A9BC60C}.AppStore|x64.ActiveCfg = Release|Any CPU
		{94A5542A-1B7E-4FC5-964E-70603A9BC60C}.AppStore|x64.Build.0 = Release|Any CPU
		{94A5542A-1B7E-4FC5-964E-70603A9BC60C}.AppStore|x64.Deploy.0 = Release|Any CPU
		{94A5542A-1B7E-4FC5-964E-70603A9BC60C}.AppStore|x86.ActiveCfg = Release|Any CPU
		{94A5542A-1B7E-4FC5-964E-70603A9BC60C}.AppStore|x86.Build.0 = Release|Any CPU
		{94A5542A-1B7E-4FC5-964E-70603A9BC60C}.AppStore|x86.Deploy.0 = Release|Any CPU
		{94A5542A-1B7E-4FC5-964E-70603A9BC60C}.Debug|Any CPU.ActiveCfg = Debug|Any CPU
		{94A5542A-1B7E-4FC5-964E-70603A9BC60C}.Debug|Any CPU.Build.0 = Debug|Any CPU
		{94A5542A-1B7E-4FC5-964E-70603A9BC60C}.Debug|Any CPU.Deploy.0 = Debug|Any CPU
		{94A5542A-1B7E-4FC5-964E-70603A9BC60C}.Debug|ARM.ActiveCfg = Debug|Any CPU
		{94A5542A-1B7E-4FC5-964E-70603A9BC60C}.Debug|ARM.Build.0 = Debug|Any CPU
		{94A5542A-1B7E-4FC5-964E-70603A9BC60C}.Debug|ARM.Deploy.0 = Debug|Any CPU
		{94A5542A-1B7E-4FC5-964E-70603A9BC60C}.Debug|iPhone.ActiveCfg = Debug|Any CPU
		{94A5542A-1B7E-4FC5-964E-70603A9BC60C}.Debug|iPhone.Build.0 = Debug|Any CPU
		{94A5542A-1B7E-4FC5-964E-70603A9BC60C}.Debug|iPhone.Deploy.0 = Debug|Any CPU
		{94A5542A-1B7E-4FC5-964E-70603A9BC60C}.Debug|iPhoneSimulator.ActiveCfg = Debug|Any CPU
		{94A5542A-1B7E-4FC5-964E-70603A9BC60C}.Debug|iPhoneSimulator.Build.0 = Debug|Any CPU
		{94A5542A-1B7E-4FC5-964E-70603A9BC60C}.Debug|iPhoneSimulator.Deploy.0 = Debug|Any CPU
		{94A5542A-1B7E-4FC5-964E-70603A9BC60C}.Debug|x64.ActiveCfg = Debug|Any CPU
		{94A5542A-1B7E-4FC5-964E-70603A9BC60C}.Debug|x64.Build.0 = Debug|Any CPU
		{94A5542A-1B7E-4FC5-964E-70603A9BC60C}.Debug|x64.Deploy.0 = Debug|Any CPU
		{94A5542A-1B7E-4FC5-964E-70603A9BC60C}.Debug|x86.ActiveCfg = Debug|Any CPU
		{94A5542A-1B7E-4FC5-964E-70603A9BC60C}.Debug|x86.Build.0 = Debug|Any CPU
		{94A5542A-1B7E-4FC5-964E-70603A9BC60C}.Debug|x86.Deploy.0 = Debug|Any CPU
		{94A5542A-1B7E-4FC5-964E-70603A9BC60C}.Release|Any CPU.ActiveCfg = Release|Any CPU
		{94A5542A-1B7E-4FC5-964E-70603A9BC60C}.Release|Any CPU.Build.0 = Release|Any CPU
		{94A5542A-1B7E-4FC5-964E-70603A9BC60C}.Release|Any CPU.Deploy.0 = Release|Any CPU
		{94A5542A-1B7E-4FC5-964E-70603A9BC60C}.Release|ARM.ActiveCfg = Release|Any CPU
		{94A5542A-1B7E-4FC5-964E-70603A9BC60C}.Release|ARM.Build.0 = Release|Any CPU
		{94A5542A-1B7E-4FC5-964E-70603A9BC60C}.Release|ARM.Deploy.0 = Release|Any CPU
		{94A5542A-1B7E-4FC5-964E-70603A9BC60C}.Release|iPhone.ActiveCfg = Release|Any CPU
		{94A5542A-1B7E-4FC5-964E-70603A9BC60C}.Release|iPhone.Build.0 = Release|Any CPU
		{94A5542A-1B7E-4FC5-964E-70603A9BC60C}.Release|iPhone.Deploy.0 = Release|Any CPU
		{94A5542A-1B7E-4FC5-964E-70603A9BC60C}.Release|iPhoneSimulator.ActiveCfg = Release|Any CPU
		{94A5542A-1B7E-4FC5-964E-70603A9BC60C}.Release|iPhoneSimulator.Build.0 = Release|Any CPU
		{94A5542A-1B7E-4FC5-964E-70603A9BC60C}.Release|iPhoneSimulator.Deploy.0 = Release|Any CPU
		{94A5542A-1B7E-4FC5-964E-70603A9BC60C}.Release|x64.ActiveCfg = Release|Any CPU
		{94A5542A-1B7E-4FC5-964E-70603A9BC60C}.Release|x64.Build.0 = Release|Any CPU
		{94A5542A-1B7E-4FC5-964E-70603A9BC60C}.Release|x64.Deploy.0 = Release|Any CPU
		{94A5542A-1B7E-4FC5-964E-70603A9BC60C}.Release|x86.ActiveCfg = Release|Any CPU
		{94A5542A-1B7E-4FC5-964E-70603A9BC60C}.Release|x86.Build.0 = Release|Any CPU
		{94A5542A-1B7E-4FC5-964E-70603A9BC60C}.Release|x86.Deploy.0 = Release|Any CPU
		{43B4F264-4EF2-4F32-B751-F073FCA6EE9A}.Ad-Hoc|Any CPU.ActiveCfg = Ad-Hoc|iPhone
		{43B4F264-4EF2-4F32-B751-F073FCA6EE9A}.Ad-Hoc|ARM.ActiveCfg = Ad-Hoc|iPhone
		{43B4F264-4EF2-4F32-B751-F073FCA6EE9A}.Ad-Hoc|iPhone.ActiveCfg = Ad-Hoc|iPhone
		{43B4F264-4EF2-4F32-B751-F073FCA6EE9A}.Ad-Hoc|iPhone.Build.0 = Ad-Hoc|iPhone
		{43B4F264-4EF2-4F32-B751-F073FCA6EE9A}.Ad-Hoc|iPhoneSimulator.ActiveCfg = Ad-Hoc|iPhoneSimulator
		{43B4F264-4EF2-4F32-B751-F073FCA6EE9A}.Ad-Hoc|iPhoneSimulator.Build.0 = Ad-Hoc|iPhoneSimulator
		{43B4F264-4EF2-4F32-B751-F073FCA6EE9A}.Ad-Hoc|x64.ActiveCfg = Ad-Hoc|iPhone
		{43B4F264-4EF2-4F32-B751-F073FCA6EE9A}.Ad-Hoc|x86.ActiveCfg = Ad-Hoc|iPhone
		{43B4F264-4EF2-4F32-B751-F073FCA6EE9A}.AppStore|Any CPU.ActiveCfg = AppStore|iPhone
		{43B4F264-4EF2-4F32-B751-F073FCA6EE9A}.AppStore|ARM.ActiveCfg = AppStore|iPhone
		{43B4F264-4EF2-4F32-B751-F073FCA6EE9A}.AppStore|iPhone.ActiveCfg = AppStore|iPhone
		{43B4F264-4EF2-4F32-B751-F073FCA6EE9A}.AppStore|iPhone.Build.0 = AppStore|iPhone
		{43B4F264-4EF2-4F32-B751-F073FCA6EE9A}.AppStore|iPhoneSimulator.ActiveCfg = AppStore|iPhoneSimulator
		{43B4F264-4EF2-4F32-B751-F073FCA6EE9A}.AppStore|iPhoneSimulator.Build.0 = AppStore|iPhoneSimulator
		{43B4F264-4EF2-4F32-B751-F073FCA6EE9A}.AppStore|x64.ActiveCfg = AppStore|iPhone
		{43B4F264-4EF2-4F32-B751-F073FCA6EE9A}.AppStore|x86.ActiveCfg = AppStore|iPhone
		{43B4F264-4EF2-4F32-B751-F073FCA6EE9A}.Debug|Any CPU.ActiveCfg = Debug|iPhone
		{43B4F264-4EF2-4F32-B751-F073FCA6EE9A}.Debug|ARM.ActiveCfg = Debug|iPhone
		{43B4F264-4EF2-4F32-B751-F073FCA6EE9A}.Debug|iPhone.ActiveCfg = Debug|iPhone
		{43B4F264-4EF2-4F32-B751-F073FCA6EE9A}.Debug|iPhone.Build.0 = Debug|iPhone
		{43B4F264-4EF2-4F32-B751-F073FCA6EE9A}.Debug|iPhoneSimulator.ActiveCfg = Debug|iPhoneSimulator
		{43B4F264-4EF2-4F32-B751-F073FCA6EE9A}.Debug|iPhoneSimulator.Build.0 = Debug|iPhoneSimulator
		{43B4F264-4EF2-4F32-B751-F073FCA6EE9A}.Debug|x64.ActiveCfg = Debug|iPhone
		{43B4F264-4EF2-4F32-B751-F073FCA6EE9A}.Debug|x86.ActiveCfg = Debug|iPhone
		{43B4F264-4EF2-4F32-B751-F073FCA6EE9A}.Release|Any CPU.ActiveCfg = Release|iPhone
		{43B4F264-4EF2-4F32-B751-F073FCA6EE9A}.Release|ARM.ActiveCfg = Release|iPhone
		{43B4F264-4EF2-4F32-B751-F073FCA6EE9A}.Release|iPhone.ActiveCfg = Release|iPhone
		{43B4F264-4EF2-4F32-B751-F073FCA6EE9A}.Release|iPhone.Build.0 = Release|iPhone
		{43B4F264-4EF2-4F32-B751-F073FCA6EE9A}.Release|iPhoneSimulator.ActiveCfg = Release|iPhoneSimulator
		{43B4F264-4EF2-4F32-B751-F073FCA6EE9A}.Release|iPhoneSimulator.Build.0 = Release|iPhoneSimulator
		{43B4F264-4EF2-4F32-B751-F073FCA6EE9A}.Release|x64.ActiveCfg = Release|iPhone
		{43B4F264-4EF2-4F32-B751-F073FCA6EE9A}.Release|x86.ActiveCfg = Release|iPhone
		{BDC501D4-2E26-414E-8D7E-FDF248BB1E8F}.Ad-Hoc|Any CPU.ActiveCfg = Release|x86
		{BDC501D4-2E26-414E-8D7E-FDF248BB1E8F}.Ad-Hoc|Any CPU.Build.0 = Release|x86
		{BDC501D4-2E26-414E-8D7E-FDF248BB1E8F}.Ad-Hoc|Any CPU.Deploy.0 = Release|x86
		{BDC501D4-2E26-414E-8D7E-FDF248BB1E8F}.Ad-Hoc|ARM.ActiveCfg = Release|ARM
		{BDC501D4-2E26-414E-8D7E-FDF248BB1E8F}.Ad-Hoc|ARM.Build.0 = Release|ARM
		{BDC501D4-2E26-414E-8D7E-FDF248BB1E8F}.Ad-Hoc|ARM.Deploy.0 = Release|ARM
		{BDC501D4-2E26-414E-8D7E-FDF248BB1E8F}.Ad-Hoc|iPhone.ActiveCfg = Release|x86
		{BDC501D4-2E26-414E-8D7E-FDF248BB1E8F}.Ad-Hoc|iPhone.Build.0 = Release|x86
		{BDC501D4-2E26-414E-8D7E-FDF248BB1E8F}.Ad-Hoc|iPhone.Deploy.0 = Release|x86
		{BDC501D4-2E26-414E-8D7E-FDF248BB1E8F}.Ad-Hoc|iPhoneSimulator.ActiveCfg = Release|x86
		{BDC501D4-2E26-414E-8D7E-FDF248BB1E8F}.Ad-Hoc|iPhoneSimulator.Build.0 = Release|x86
		{BDC501D4-2E26-414E-8D7E-FDF248BB1E8F}.Ad-Hoc|iPhoneSimulator.Deploy.0 = Release|x86
		{BDC501D4-2E26-414E-8D7E-FDF248BB1E8F}.Ad-Hoc|x64.ActiveCfg = Release|x64
		{BDC501D4-2E26-414E-8D7E-FDF248BB1E8F}.Ad-Hoc|x64.Build.0 = Release|x64
		{BDC501D4-2E26-414E-8D7E-FDF248BB1E8F}.Ad-Hoc|x64.Deploy.0 = Release|x64
		{BDC501D4-2E26-414E-8D7E-FDF248BB1E8F}.Ad-Hoc|x86.ActiveCfg = Release|x86
		{BDC501D4-2E26-414E-8D7E-FDF248BB1E8F}.Ad-Hoc|x86.Build.0 = Release|x86
		{BDC501D4-2E26-414E-8D7E-FDF248BB1E8F}.Ad-Hoc|x86.Deploy.0 = Release|x86
		{BDC501D4-2E26-414E-8D7E-FDF248BB1E8F}.AppStore|Any CPU.ActiveCfg = Release|x86
		{BDC501D4-2E26-414E-8D7E-FDF248BB1E8F}.AppStore|Any CPU.Build.0 = Release|x86
		{BDC501D4-2E26-414E-8D7E-FDF248BB1E8F}.AppStore|Any CPU.Deploy.0 = Release|x86
		{BDC501D4-2E26-414E-8D7E-FDF248BB1E8F}.AppStore|ARM.ActiveCfg = Release|ARM
		{BDC501D4-2E26-414E-8D7E-FDF248BB1E8F}.AppStore|ARM.Build.0 = Release|ARM
		{BDC501D4-2E26-414E-8D7E-FDF248BB1E8F}.AppStore|ARM.Deploy.0 = Release|ARM
		{BDC501D4-2E26-414E-8D7E-FDF248BB1E8F}.AppStore|iPhone.ActiveCfg = Release|x86
		{BDC501D4-2E26-414E-8D7E-FDF248BB1E8F}.AppStore|iPhone.Build.0 = Release|x86
		{BDC501D4-2E26-414E-8D7E-FDF248BB1E8F}.AppStore|iPhone.Deploy.0 = Release|x86
		{BDC501D4-2E26-414E-8D7E-FDF248BB1E8F}.AppStore|iPhoneSimulator.ActiveCfg = Release|x86
		{BDC501D4-2E26-414E-8D7E-FDF248BB1E8F}.AppStore|iPhoneSimulator.Build.0 = Release|x86
		{BDC501D4-2E26-414E-8D7E-FDF248BB1E8F}.AppStore|iPhoneSimulator.Deploy.0 = Release|x86
		{BDC501D4-2E26-414E-8D7E-FDF248BB1E8F}.AppStore|x64.ActiveCfg = Release|x64
		{BDC501D4-2E26-414E-8D7E-FDF248BB1E8F}.AppStore|x64.Build.0 = Release|x64
		{BDC501D4-2E26-414E-8D7E-FDF248BB1E8F}.AppStore|x64.Deploy.0 = Release|x64
		{BDC501D4-2E26-414E-8D7E-FDF248BB1E8F}.AppStore|x86.ActiveCfg = Release|x86
		{BDC501D4-2E26-414E-8D7E-FDF248BB1E8F}.AppStore|x86.Build.0 = Release|x86
		{BDC501D4-2E26-414E-8D7E-FDF248BB1E8F}.AppStore|x86.Deploy.0 = Release|x86
		{BDC501D4-2E26-414E-8D7E-FDF248BB1E8F}.Debug|Any CPU.ActiveCfg = Debug|x86
		{BDC501D4-2E26-414E-8D7E-FDF248BB1E8F}.Debug|ARM.ActiveCfg = Debug|ARM
		{BDC501D4-2E26-414E-8D7E-FDF248BB1E8F}.Debug|ARM.Build.0 = Debug|ARM
		{BDC501D4-2E26-414E-8D7E-FDF248BB1E8F}.Debug|ARM.Deploy.0 = Debug|ARM
		{BDC501D4-2E26-414E-8D7E-FDF248BB1E8F}.Debug|iPhone.ActiveCfg = Debug|x86
		{BDC501D4-2E26-414E-8D7E-FDF248BB1E8F}.Debug|iPhoneSimulator.ActiveCfg = Debug|x86
		{BDC501D4-2E26-414E-8D7E-FDF248BB1E8F}.Debug|x64.ActiveCfg = Debug|x64
		{BDC501D4-2E26-414E-8D7E-FDF248BB1E8F}.Debug|x64.Build.0 = Debug|x64
		{BDC501D4-2E26-414E-8D7E-FDF248BB1E8F}.Debug|x64.Deploy.0 = Debug|x64
		{BDC501D4-2E26-414E-8D7E-FDF248BB1E8F}.Debug|x86.ActiveCfg = Debug|x86
		{BDC501D4-2E26-414E-8D7E-FDF248BB1E8F}.Debug|x86.Build.0 = Debug|x86
		{BDC501D4-2E26-414E-8D7E-FDF248BB1E8F}.Debug|x86.Deploy.0 = Debug|x86
		{BDC501D4-2E26-414E-8D7E-FDF248BB1E8F}.Release|Any CPU.ActiveCfg = Release|x86
		{BDC501D4-2E26-414E-8D7E-FDF248BB1E8F}.Release|ARM.ActiveCfg = Release|ARM
		{BDC501D4-2E26-414E-8D7E-FDF248BB1E8F}.Release|ARM.Build.0 = Release|ARM
		{BDC501D4-2E26-414E-8D7E-FDF248BB1E8F}.Release|ARM.Deploy.0 = Release|ARM
		{BDC501D4-2E26-414E-8D7E-FDF248BB1E8F}.Release|iPhone.ActiveCfg = Release|x86
		{BDC501D4-2E26-414E-8D7E-FDF248BB1E8F}.Release|iPhoneSimulator.ActiveCfg = Release|x86
		{BDC501D4-2E26-414E-8D7E-FDF248BB1E8F}.Release|x64.ActiveCfg = Release|x64
		{BDC501D4-2E26-414E-8D7E-FDF248BB1E8F}.Release|x64.Build.0 = Release|x64
		{BDC501D4-2E26-414E-8D7E-FDF248BB1E8F}.Release|x64.Deploy.0 = Release|x64
		{BDC501D4-2E26-414E-8D7E-FDF248BB1E8F}.Release|x86.ActiveCfg = Release|x86
		{BDC501D4-2E26-414E-8D7E-FDF248BB1E8F}.Release|x86.Build.0 = Release|x86
		{BDC501D4-2E26-414E-8D7E-FDF248BB1E8F}.Release|x86.Deploy.0 = Release|x86
		{1DC9EDA4-12A6-4D0B-80B1-EC041FE9538E}.Ad-Hoc|Any CPU.ActiveCfg = Debug|Any CPU
		{1DC9EDA4-12A6-4D0B-80B1-EC041FE9538E}.Ad-Hoc|Any CPU.Build.0 = Debug|Any CPU
		{1DC9EDA4-12A6-4D0B-80B1-EC041FE9538E}.Ad-Hoc|ARM.ActiveCfg = Debug|Any CPU
		{1DC9EDA4-12A6-4D0B-80B1-EC041FE9538E}.Ad-Hoc|ARM.Build.0 = Debug|Any CPU
		{1DC9EDA4-12A6-4D0B-80B1-EC041FE9538E}.Ad-Hoc|iPhone.ActiveCfg = Debug|Any CPU
		{1DC9EDA4-12A6-4D0B-80B1-EC041FE9538E}.Ad-Hoc|iPhone.Build.0 = Debug|Any CPU
		{1DC9EDA4-12A6-4D0B-80B1-EC041FE9538E}.Ad-Hoc|iPhoneSimulator.ActiveCfg = Debug|Any CPU
		{1DC9EDA4-12A6-4D0B-80B1-EC041FE9538E}.Ad-Hoc|iPhoneSimulator.Build.0 = Debug|Any CPU
		{1DC9EDA4-12A6-4D0B-80B1-EC041FE9538E}.Ad-Hoc|x64.ActiveCfg = Debug|Any CPU
		{1DC9EDA4-12A6-4D0B-80B1-EC041FE9538E}.Ad-Hoc|x64.Build.0 = Debug|Any CPU
		{1DC9EDA4-12A6-4D0B-80B1-EC041FE9538E}.Ad-Hoc|x86.ActiveCfg = Debug|Any CPU
		{1DC9EDA4-12A6-4D0B-80B1-EC041FE9538E}.Ad-Hoc|x86.Build.0 = Debug|Any CPU
		{1DC9EDA4-12A6-4D0B-80B1-EC041FE9538E}.AppStore|Any CPU.ActiveCfg = Debug|Any CPU
		{1DC9EDA4-12A6-4D0B-80B1-EC041FE9538E}.AppStore|Any CPU.Build.0 = Debug|Any CPU
		{1DC9EDA4-12A6-4D0B-80B1-EC041FE9538E}.AppStore|ARM.ActiveCfg = Debug|Any CPU
		{1DC9EDA4-12A6-4D0B-80B1-EC041FE9538E}.AppStore|ARM.Build.0 = Debug|Any CPU
		{1DC9EDA4-12A6-4D0B-80B1-EC041FE9538E}.AppStore|iPhone.ActiveCfg = Debug|Any CPU
		{1DC9EDA4-12A6-4D0B-80B1-EC041FE9538E}.AppStore|iPhone.Build.0 = Debug|Any CPU
		{1DC9EDA4-12A6-4D0B-80B1-EC041FE9538E}.AppStore|iPhoneSimulator.ActiveCfg = Debug|Any CPU
		{1DC9EDA4-12A6-4D0B-80B1-EC041FE9538E}.AppStore|iPhoneSimulator.Build.0 = Debug|Any CPU
		{1DC9EDA4-12A6-4D0B-80B1-EC041FE9538E}.AppStore|x64.ActiveCfg = Debug|Any CPU
		{1DC9EDA4-12A6-4D0B-80B1-EC041FE9538E}.AppStore|x64.Build.0 = Debug|Any CPU
		{1DC9EDA4-12A6-4D0B-80B1-EC041FE9538E}.AppStore|x86.ActiveCfg = Debug|Any CPU
		{1DC9EDA4-12A6-4D0B-80B1-EC041FE9538E}.AppStore|x86.Build.0 = Debug|Any CPU
		{1DC9EDA4-12A6-4D0B-80B1-EC041FE9538E}.Debug|Any CPU.ActiveCfg = Debug|Any CPU
		{1DC9EDA4-12A6-4D0B-80B1-EC041FE9538E}.Debug|Any CPU.Build.0 = Debug|Any CPU
		{1DC9EDA4-12A6-4D0B-80B1-EC041FE9538E}.Debug|ARM.ActiveCfg = Debug|Any CPU
		{1DC9EDA4-12A6-4D0B-80B1-EC041FE9538E}.Debug|ARM.Build.0 = Debug|Any CPU
		{1DC9EDA4-12A6-4D0B-80B1-EC041FE9538E}.Debug|iPhone.ActiveCfg = Debug|Any CPU
		{1DC9EDA4-12A6-4D0B-80B1-EC041FE9538E}.Debug|iPhone.Build.0 = Debug|Any CPU
		{1DC9EDA4-12A6-4D0B-80B1-EC041FE9538E}.Debug|iPhoneSimulator.ActiveCfg = Debug|Any CPU
		{1DC9EDA4-12A6-4D0B-80B1-EC041FE9538E}.Debug|iPhoneSimulator.Build.0 = Debug|Any CPU
		{1DC9EDA4-12A6-4D0B-80B1-EC041FE9538E}.Debug|x64.ActiveCfg = Debug|Any CPU
		{1DC9EDA4-12A6-4D0B-80B1-EC041FE9538E}.Debug|x64.Build.0 = Debug|Any CPU
		{1DC9EDA4-12A6-4D0B-80B1-EC041FE9538E}.Debug|x86.ActiveCfg = Debug|Any CPU
		{1DC9EDA4-12A6-4D0B-80B1-EC041FE9538E}.Debug|x86.Build.0 = Debug|Any CPU
		{1DC9EDA4-12A6-4D0B-80B1-EC041FE9538E}.Release|Any CPU.ActiveCfg = Release|Any CPU
		{1DC9EDA4-12A6-4D0B-80B1-EC041FE9538E}.Release|Any CPU.Build.0 = Release|Any CPU
		{1DC9EDA4-12A6-4D0B-80B1-EC041FE9538E}.Release|ARM.ActiveCfg = Release|Any CPU
		{1DC9EDA4-12A6-4D0B-80B1-EC041FE9538E}.Release|ARM.Build.0 = Release|Any CPU
		{1DC9EDA4-12A6-4D0B-80B1-EC041FE9538E}.Release|iPhone.ActiveCfg = Release|Any CPU
		{1DC9EDA4-12A6-4D0B-80B1-EC041FE9538E}.Release|iPhone.Build.0 = Release|Any CPU
		{1DC9EDA4-12A6-4D0B-80B1-EC041FE9538E}.Release|iPhoneSimulator.ActiveCfg = Release|Any CPU
		{1DC9EDA4-12A6-4D0B-80B1-EC041FE9538E}.Release|iPhoneSimulator.Build.0 = Release|Any CPU
		{1DC9EDA4-12A6-4D0B-80B1-EC041FE9538E}.Release|x64.ActiveCfg = Release|Any CPU
		{1DC9EDA4-12A6-4D0B-80B1-EC041FE9538E}.Release|x64.Build.0 = Release|Any CPU
		{1DC9EDA4-12A6-4D0B-80B1-EC041FE9538E}.Release|x86.ActiveCfg = Release|Any CPU
		{1DC9EDA4-12A6-4D0B-80B1-EC041FE9538E}.Release|x86.Build.0 = Release|Any CPU
	EndGlobalSection
	GlobalSection(SolutionProperties) = preSolution
		HideSolutionNode = FALSE
	EndGlobalSection
	GlobalSection(NestedProjects) = preSolution
		{94A5542A-1B7E-4FC5-964E-70603A9BC60C} = {4B379EA1-AA7C-4686-A0E5-2F7F48819B48}
		{43B4F264-4EF2-4F32-B751-F073FCA6EE9A} = {4B379EA1-AA7C-4686-A0E5-2F7F48819B48}
		{BDC501D4-2E26-414E-8D7E-FDF248BB1E8F} = {4B379EA1-AA7C-4686-A0E5-2F7F48819B48}
		{05CADFC1-1F89-489E-A1A3-C868780D1258} = {4B379EA1-AA7C-4686-A0E5-2F7F48819B48}
	EndGlobalSection
	GlobalSection(ExtensibilityGlobals) = postSolution
		SolutionGuid = {4310E7C0-F5E0-4F03-B2E8-AE25E0613E27}
	EndGlobalSection
EndGlobal
